
Microsoft Visual Studio Solution File, Format Version 12.00
# Visual Studio Version 17
VisualStudioVersion = 17.10.35013.160
MinimumVisualStudioVersion = 10.0.40219.1
Project("{FAE04EC0-301F-11D3-BF4B-00C04F79EFBC}") = "SmallSI", "SmallSI\SmallSI.csproj", "{AAA8B0E0-CB5E-4489-AF5D-9C3C89A2AFA2}"
EndProject
Project("{FAE04EC0-301F-11D3-BF4B-00C04F79EFBC}") = "Graphic", "Graphic\Graphic.csproj", "{84778DF0-2214-40D3-A653-05F2699FD552}"
EndProject
Project("{FAE04EC0-301F-11D3-BF4B-00C04F79EFBC}") = "Physics", "Physics\Physics.csproj", "{5442FCC5-D460-4BFE-B2B2-39BF67BBCD4A}"
EndProject
Global
	GlobalSection(SolutionConfigurationPlatforms) = preSolution
		Debug|Any CPU = Debug|Any CPU
		Release|Any CPU = Release|Any CPU
	EndGlobalSection
	GlobalSection(ProjectConfigurationPlatforms) = postSolution
		{AAA8B0E0-CB5E-4489-AF5D-9C3C89A2AFA2}.Debug|Any CPU.ActiveCfg = Debug|Any CPU
		{AAA8B0E0-CB5E-4489-AF5D-9C3C89A2AFA2}.Debug|Any CPU.Build.0 = Debug|Any CPU
		{AAA8B0E0-CB5E-4489-AF5D-9C3C89A2AFA2}.Release|Any CPU.ActiveCfg = Release|Any CPU
		{AAA8B0E0-CB5E-4489-AF5D-9C3C89A2AFA2}.Release|Any CPU.Build.0 = Release|Any CPU
		{84778DF0-2214-40D3-A653-05F2699FD552}.Debug|Any CPU.ActiveCfg = Debug|Any CPU
		{84778DF0-2214-40D3-A653-05F2699FD552}.Debug|Any CPU.Build.0 = Debug|Any CPU
		{84778DF0-2214-40D3-A653-05F2699FD552}.Release|Any CPU.ActiveCfg = Release|Any CPU
		{84778DF0-2214-40D3-A653-05F2699FD552}.Release|Any CPU.Build.0 = Release|Any CPU
		{5442FCC5-D460-4BFE-B2B2-39BF67BBCD4A}.Debug|Any CPU.ActiveCfg = Debug|Any CPU
		{5442FCC5-D460-4BFE-B2B2-39BF67BBCD4A}.Debug|Any CPU.Build.0 = Debug|Any CPU
		{5442FCC5-D460-4BFE-B2B2-39BF67BBCD4A}.Release|Any CPU.ActiveCfg = Release|Any CPU
		{5442FCC5-D460-4BFE-B2B2-39BF67BBCD4A}.Release|Any CPU.Build.0 = Release|Any CPU
	EndGlobalSection
	GlobalSection(SolutionProperties) = preSolution
		HideSolutionNode = FALSE
	EndGlobalSection
	GlobalSection(ExtensibilityGlobals) = postSolution
		SolutionGuid = {3F3BA827-43CF-469E-9579-42F3AD31D283}
	EndGlobalSection
EndGlobal
